
Microsoft Visual Studio Solution File, Format Version 12.00
# Visual Studio Version 17
VisualStudioVersion = 17.0.31612.314
MinimumVisualStudioVersion = 10.0.40219.1
Project("{FAE04EC0-301F-11D3-BF4B-00C04F79EFBC}") = "ForgeTestPlugin", "ForgeTestPlugin\ForgeTestPlugin.csproj", "{587CEE1E-5D74-4F3A-904E-86D9FAA7B7B8}"
EndProject
Project("{9A19103F-16F7-4668-BE54-9A1E7A4F7556}") = "Models", "..\designplatform\Models\Models.csproj", "{DB1EBDA2-170E-453E-80E2-D38B88794C9F}"
EndProject
Project("{9A19103F-16F7-4668-BE54-9A1E7A4F7556}") = "KreoTestApp", "KreoTestApp\KreoTestApp.csproj", "{7D6D12C2-D807-4315-A0E4-F080E7D24FC8}"
EndProject
Global
	GlobalSection(SolutionConfigurationPlatforms) = preSolution
		Debug|Any CPU = Debug|Any CPU
		Debug|x64 = Debug|x64
		Release|Any CPU = Release|Any CPU
		Release|x64 = Release|x64
	EndGlobalSection
	GlobalSection(ProjectConfigurationPlatforms) = postSolution
		{587CEE1E-5D74-4F3A-904E-86D9FAA7B7B8}.Debug|Any CPU.ActiveCfg = Debug|Any CPU
		{587CEE1E-5D74-4F3A-904E-86D9FAA7B7B8}.Debug|Any CPU.Build.0 = Debug|Any CPU
		{587CEE1E-5D74-4F3A-904E-86D9FAA7B7B8}.Debug|x64.ActiveCfg = Debug|x64
		{587CEE1E-5D74-4F3A-904E-86D9FAA7B7B8}.Debug|x64.Build.0 = Debug|x64
		{587CEE1E-5D74-4F3A-904E-86D9FAA7B7B8}.Release|Any CPU.ActiveCfg = Release|Any CPU
		{587CEE1E-5D74-4F3A-904E-86D9FAA7B7B8}.Release|Any CPU.Build.0 = Release|Any CPU
		{587CEE1E-5D74-4F3A-904E-86D9FAA7B7B8}.Release|x64.ActiveCfg = Release|x64
		{587CEE1E-5D74-4F3A-904E-86D9FAA7B7B8}.Release|x64.Build.0 = Release|x64
		{DB1EBDA2-170E-453E-80E2-D38B88794C9F}.Debug|Any CPU.ActiveCfg = Debug|Any CPU
		{DB1EBDA2-170E-453E-80E2-D38B88794C9F}.Debug|Any CPU.Build.0 = Debug|Any CPU
		{DB1EBDA2-170E-453E-80E2-D38B88794C9F}.Debug|x64.ActiveCfg = Debug|x64
		{DB1EBDA2-170E-453E-80E2-D38B88794C9F}.Debug|x64.Build.0 = Debug|x64
		{DB1EBDA2-170E-453E-80E2-D38B88794C9F}.Release|Any CPU.ActiveCfg = Release|Any CPU
		{DB1EBDA2-170E-453E-80E2-D38B88794C9F}.Release|Any CPU.Build.0 = Release|Any CPU
		{DB1EBDA2-170E-453E-80E2-D38B88794C9F}.Release|x64.ActiveCfg = Release|x64
		{DB1EBDA2-170E-453E-80E2-D38B88794C9F}.Release|x64.Build.0 = Release|x64
		{7D6D12C2-D807-4315-A0E4-F080E7D24FC8}.Debug|Any CPU.ActiveCfg = Debug|Any CPU
		{7D6D12C2-D807-4315-A0E4-F080E7D24FC8}.Debug|Any CPU.Build.0 = Debug|Any CPU
		{7D6D12C2-D807-4315-A0E4-F080E7D24FC8}.Debug|x64.ActiveCfg = Debug|Any CPU
		{7D6D12C2-D807-4315-A0E4-F080E7D24FC8}.Debug|x64.Build.0 = Debug|Any CPU
		{7D6D12C2-D807-4315-A0E4-F080E7D24FC8}.Release|Any CPU.ActiveCfg = Release|Any CPU
		{7D6D12C2-D807-4315-A0E4-F080E7D24FC8}.Release|Any CPU.Build.0 = Release|Any CPU
		{7D6D12C2-D807-4315-A0E4-F080E7D24FC8}.Release|x64.ActiveCfg = Release|Any CPU
		{7D6D12C2-D807-4315-A0E4-F080E7D24FC8}.Release|x64.Build.0 = Release|Any CPU
	EndGlobalSection
	GlobalSection(SolutionProperties) = preSolution
		HideSolutionNode = FALSE
	EndGlobalSection
	GlobalSection(ExtensibilityGlobals) = postSolution
		SolutionGuid = {84B27274-419E-4D5E-B648-582C636E2926}
	EndGlobalSection
EndGlobal
